
Microsoft Visual Studio Solution File, Format Version 12.00
# Visual Studio Version 16
VisualStudioVersion = 16.0.29609.76
MinimumVisualStudioVersion = 10.0.40219.1
Project("{FAE04EC0-301F-11D3-BF4B-00C04F79EFBC}") = "MidiFixer", "MidiFixer\MidiFixer.csproj", "{BA2CB83A-C5BC-4ECF-9398-76A42F43C027}"
EndProject
Global
	GlobalSection(SolutionConfigurationPlatforms) = preSolution
		Debug|Any CPU = Debug|Any CPU
		Release|Any CPU = Release|Any CPU
	EndGlobalSection
	GlobalSection(ProjectConfigurationPlatforms) = postSolution
		{BA2CB83A-C5BC-4ECF-9398-76A42F43C027}.Debug|Any CPU.ActiveCfg = Debug|Any CPU
		{BA2CB83A-C5BC-4ECF-9398-76A42F43C027}.Debug|Any CPU.Build.0 = Debug|Any CPU
		{BA2CB83A-C5BC-4ECF-9398-76A42F43C027}.Release|Any CPU.ActiveCfg = Release|Any CPU
		{BA2CB83A-C5BC-4ECF-9398-76A42F43C027}.Release|Any CPU.Build.0 = Release|Any CPU
	EndGlobalSection
	GlobalSection(SolutionProperties) = preSolution
		HideSolutionNode = FALSE
	EndGlobalSection
	GlobalSection(ExtensibilityGlobals) = postSolution
		SolutionGuid = {74B0EB2F-4C31-41CA-AFFF-4E37DE645144}
	EndGlobalSection
EndGlobal
